
Microsoft Visual Studio Solution File, Format Version 12.00
# Visual Studio 2013
VisualStudioVersion = 12.0.30501.0
MinimumVisualStudioVersion = 10.0.40219.1
Project("{FAE04EC0-301F-11D3-BF4B-00C04F79EFBC}") = "Ecourbis.FormularioNFRemRet.UI.Web", "Ecourbis.FormularioNFRemRet.UI.Web\Ecourbis.FormularioNFRemRet.UI.Web.csproj", "{110D35C1-CC27-4C38-B654-01E051E1184C}"
	ProjectSection(ProjectDependencies) = postProject
		{60B6D61C-59C0-4639-8F44-A0D9769565A3} = {60B6D61C-59C0-4639-8F44-A0D9769565A3}
		{A29ACC8C-2341-4842-AD81-C51FCFEBDCB0} = {A29ACC8C-2341-4842-AD81-C51FCFEBDCB0}
	EndProjectSection
EndProject
Project("{FAE04EC0-301F-11D3-BF4B-00C04F79EFBC}") = "Ecourbis.FormularioNFRemRet.Business", "Ecourbis.FormularioNFRemRet.Business\Ecourbis.FormularioNFRemRet.Business.csproj", "{60B6D61C-59C0-4639-8F44-A0D9769565A3}"
	ProjectSection(ProjectDependencies) = postProject
		{4AB9B718-7322-492E-92B4-00B066E10630} = {4AB9B718-7322-492E-92B4-00B066E10630}
		{A29ACC8C-2341-4842-AD81-C51FCFEBDCB0} = {A29ACC8C-2341-4842-AD81-C51FCFEBDCB0}
	EndProjectSection
EndProject
Project("{FAE04EC0-301F-11D3-BF4B-00C04F79EFBC}") = "Ecourbis.FormularioNFRemRet.DataAccess", "Ecourbis.FormularioNFRemRet.DataAccess\Ecourbis.FormularioNFRemRet.DataAccess.csproj", "{3D61A1D4-A3B1-40EE-BA68-40E57C8D176C}"
EndProject
Project("{FAE04EC0-301F-11D3-BF4B-00C04F79EFBC}") = "Ecourbis.FormularioNFRemRet.Model", "Ecourbis.FormularioNFRemRet.Model\Ecourbis.FormularioNFRemRet.Model.csproj", "{A29ACC8C-2341-4842-AD81-C51FCFEBDCB0}"
EndProject
Project("{FAE04EC0-301F-11D3-BF4B-00C04F79EFBC}") = "Ecourbis.FormularioNFRemRet.Repository", "Ecourbis.FormularioNFRemRet.Repository\Ecourbis.FormularioNFRemRet.Repository.csproj", "{4AB9B718-7322-492E-92B4-00B066E10630}"
	ProjectSection(ProjectDependencies) = postProject
		{A29ACC8C-2341-4842-AD81-C51FCFEBDCB0} = {A29ACC8C-2341-4842-AD81-C51FCFEBDCB0}
		{3D61A1D4-A3B1-40EE-BA68-40E57C8D176C} = {3D61A1D4-A3B1-40EE-BA68-40E57C8D176C}
	EndProjectSection
EndProject
Global
	GlobalSection(SolutionConfigurationPlatforms) = preSolution
		Debug|Any CPU = Debug|Any CPU
		Release|Any CPU = Release|Any CPU
	EndGlobalSection
	GlobalSection(ProjectConfigurationPlatforms) = postSolution
		{110D35C1-CC27-4C38-B654-01E051E1184C}.Debug|Any CPU.ActiveCfg = Debug|Any CPU
		{110D35C1-CC27-4C38-B654-01E051E1184C}.Debug|Any CPU.Build.0 = Debug|Any CPU
		{110D35C1-CC27-4C38-B654-01E051E1184C}.Release|Any CPU.ActiveCfg = Release|Any CPU
		{110D35C1-CC27-4C38-B654-01E051E1184C}.Release|Any CPU.Build.0 = Release|Any CPU
		{60B6D61C-59C0-4639-8F44-A0D9769565A3}.Debug|Any CPU.ActiveCfg = Debug|Any CPU
		{60B6D61C-59C0-4639-8F44-A0D9769565A3}.Debug|Any CPU.Build.0 = Debug|Any CPU
		{60B6D61C-59C0-4639-8F44-A0D9769565A3}.Release|Any CPU.ActiveCfg = Release|Any CPU
		{60B6D61C-59C0-4639-8F44-A0D9769565A3}.Release|Any CPU.Build.0 = Release|Any CPU
		{3D61A1D4-A3B1-40EE-BA68-40E57C8D176C}.Debug|Any CPU.ActiveCfg = Debug|Any CPU
		{3D61A1D4-A3B1-40EE-BA68-40E57C8D176C}.Debug|Any CPU.Build.0 = Debug|Any CPU
		{3D61A1D4-A3B1-40EE-BA68-40E57C8D176C}.Release|Any CPU.ActiveCfg = Release|Any CPU
		{3D61A1D4-A3B1-40EE-BA68-40E57C8D176C}.Release|Any CPU.Build.0 = Release|Any CPU
		{A29ACC8C-2341-4842-AD81-C51FCFEBDCB0}.Debug|Any CPU.ActiveCfg = Debug|Any CPU
		{A29ACC8C-2341-4842-AD81-C51FCFEBDCB0}.Debug|Any CPU.Build.0 = Debug|Any CPU
		{A29ACC8C-2341-4842-AD81-C51FCFEBDCB0}.Release|Any CPU.ActiveCfg = Release|Any CPU
		{A29ACC8C-2341-4842-AD81-C51FCFEBDCB0}.Release|Any CPU.Build.0 = Release|Any CPU
		{4AB9B718-7322-492E-92B4-00B066E10630}.Debug|Any CPU.ActiveCfg = Debug|Any CPU
		{4AB9B718-7322-492E-92B4-00B066E10630}.Debug|Any CPU.Build.0 = Debug|Any CPU
		{4AB9B718-7322-492E-92B4-00B066E10630}.Release|Any CPU.ActiveCfg = Release|Any CPU
		{4AB9B718-7322-492E-92B4-00B066E10630}.Release|Any CPU.Build.0 = Release|Any CPU
	EndGlobalSection
	GlobalSection(SolutionProperties) = preSolution
		HideSolutionNode = FALSE
	EndGlobalSection
EndGlobal
